
Microsoft Visual Studio Solution File, Format Version 12.00
# Visual Studio Version 16
VisualStudioVersion = 16.0.31112.23
MinimumVisualStudioVersion = 10.0.40219.1
Project("{FAE04EC0-301F-11D3-BF4B-00C04F79EFBC}") = "ServerCodeMtk-P2-090", "ServerCodeMtk-P2-090\ServerCodeMtk-P2-090.csproj", "{1AE618DB-CB20-4B4C-BD50-F9C6E516F011}"
EndProject
Global
	GlobalSection(SolutionConfigurationPlatforms) = preSolution
		Debug|Any CPU = Debug|Any CPU
		Release|Any CPU = Release|Any CPU
	EndGlobalSection
	GlobalSection(ProjectConfigurationPlatforms) = postSolution
		{1AE618DB-CB20-4B4C-BD50-F9C6E516F011}.Debug|Any CPU.ActiveCfg = Debug|Any CPU
		{1AE618DB-CB20-4B4C-BD50-F9C6E516F011}.Debug|Any CPU.Build.0 = Debug|Any CPU
		{1AE618DB-CB20-4B4C-BD50-F9C6E516F011}.Release|Any CPU.ActiveCfg = Release|Any CPU
		{1AE618DB-CB20-4B4C-BD50-F9C6E516F011}.Release|Any CPU.Build.0 = Release|Any CPU
	EndGlobalSection
	GlobalSection(SolutionProperties) = preSolution
		HideSolutionNode = FALSE
	EndGlobalSection
	GlobalSection(ExtensibilityGlobals) = postSolution
		SolutionGuid = {83B7987B-5EF8-4A7E-8508-8326E6313E70}
	EndGlobalSection
EndGlobal
